<Solution>
  <Folder Name="/Plugins/">
    <File Path="config/production-line.json" />
    <Project Path="Plugins/Drivers.Modbus/Drivers.Modbus.csproj" />
    <Project Path="Plugins/Drivers.Mqtt/Drivers.Mqtt.csproj" />
    <Project Path="Plugins/Drivers.OpcUA/Drivers.OpcUA.csproj" />
    <Project Path="Plugins/Drivers.S7/Drivers.S7.csproj" />
  </Folder>
  <Folder Name="/sandbox/">
    <Project Path="sandbox/IndustrialDAQ.ConsoleTest/IndustrialDAQ.ConsoleTest.csproj" />
  </Folder>
  <Folder Name="/tests/">
    <Project Path="tests/IndustrialDAQ.Tests/IndustrialDAQ.Tests.csproj" />
  </Folder>
  <Folder Name="/src/">
    <Project Path="src/IndustrialDAQ.Acquisition/IndustrialDAQ.Acquisition.csproj" />
    <Project Path="src/IndustrialDAQ.Alarm/IndustrialDAQ.Alarm.csproj" />
    <Project Path="src/IndustrialDAQ.Core/IndustrialDAQ.Core.csproj" />
    <Project Path="src/IndustrialDAQ.Infrastructure/IndustrialDAQ.Infrastructure.csproj" />
    <Project Path="src/IndustrialDAQ.Processing/IndustrialDAQ.Processing.csproj" />
    <Project Path="src/IndustrialDAQ.Storage/IndustrialDAQ.Storage.csproj" />
    <Project Path="src/IndustrialDAQ.Trend/IndustrialDAQ.Trend.csproj" />
    <Project Path="src/IndustrialDAQ.UI/IndustrialDAQ.UI.csproj" />
    <Project Path="src/IndustrialDAQ.Vision/IndustrialDAQ.Vision.csproj" />
  </Folder>
</Solution>
