
Microsoft Visual Studio Solution File, Format Version 12.00
# Visual Studio Version 17
VisualStudioVersion = 17.5.2.0
MinimumVisualStudioVersion = 10.0.40219.1
Project("{2150E333-8FDC-42A3-9474-1A3956D46DE8}") = "Plugins", "Plugins", "{07D57EEB-2F50-60C4-C011-FE4FA775C9A8}"
EndProject
Project("{2150E333-8FDC-42A3-9474-1A3956D46DE8}") = "sandbox", "sandbox", "{3D40F055-384E-DE04-BB81-B7972E166B19}"
EndProject
Project("{2150E333-8FDC-42A3-9474-1A3956D46DE8}") = "src", "src", "{827E0CD3-B72D-47B6-A68D-7590B98EB39B}"
EndProject
Project("{FAE04EC0-301F-11D3-BF4B-00C04F79EFBC}") = "Drivers.Modbus", "Plugins\Drivers.Modbus\Drivers.Modbus.csproj", "{B903A933-F0FE-890F-B4DC-89150C91FCD0}"
EndProject
Project("{FAE04EC0-301F-11D3-BF4B-00C04F79EFBC}") = "Drivers.OpcUA", "Plugins\Drivers.OpcUA\Drivers.OpcUA.csproj", "{9CC9365E-A612-346F-1D6D-0858C3901FBF}"
EndProject
Project("{FAE04EC0-301F-11D3-BF4B-00C04F79EFBC}") = "Drivers.S7", "Plugins\Drivers.S7\Drivers.S7.csproj", "{0A83AA06-09DE-38D4-3655-7D4B1254D4DF}"
EndProject
Project("{FAE04EC0-301F-11D3-BF4B-00C04F79EFBC}") = "IndustrialDAQ.ConsoleTest", "sandbox\IndustrialDAQ.ConsoleTest\IndustrialDAQ.ConsoleTest.csproj", "{DFFE898D-C6D1-7138-1581-3C65BF976B0B}"
EndProject
Project("{FAE04EC0-301F-11D3-BF4B-00C04F79EFBC}") = "IndustrialDAQ.Acquisition", "src\IndustrialDAQ.Acquisition\IndustrialDAQ.Acquisition.csproj", "{32C4D7F5-2294-910D-2641-0785A1B112D5}"
EndProject
Project("{FAE04EC0-301F-11D3-BF4B-00C04F79EFBC}") = "IndustrialDAQ.Alarm", "src\IndustrialDAQ.Alarm\IndustrialDAQ.Alarm.csproj", "{665FEBC3-3B76-BA04-90F3-7BE5A61FA190}"
EndProject
Project("{FAE04EC0-301F-11D3-BF4B-00C04F79EFBC}") = "IndustrialDAQ.Core", "src\IndustrialDAQ.Core\IndustrialDAQ.Core.csproj", "{19923CC0-2E32-3787-0CC7-9E9A02978E82}"
EndProject
Project("{FAE04EC0-301F-11D3-BF4B-00C04F79EFBC}") = "IndustrialDAQ.Infrastructure", "src\IndustrialDAQ.Infrastructure\IndustrialDAQ.Infrastructure.csproj", "{8F781F62-1429-7397-A610-67F66F9A379D}"
EndProject
Project("{FAE04EC0-301F-11D3-BF4B-00C04F79EFBC}") = "IndustrialDAQ.Processing", "src\IndustrialDAQ.Processing\IndustrialDAQ.Processing.csproj", "{1967A8C9-971B-9B90-21BA-47EC34BF0838}"
EndProject
Project("{FAE04EC0-301F-11D3-BF4B-00C04F79EFBC}") = "IndustrialDAQ.Storage", "src\IndustrialDAQ.Storage\IndustrialDAQ.Storage.csproj", "{66DAB672-4EAB-781E-A320-1C89AED6662F}"
EndProject
Project("{FAE04EC0-301F-11D3-BF4B-00C04F79EFBC}") = "IndustrialDAQ.Trend", "src\IndustrialDAQ.Trend\IndustrialDAQ.Trend.csproj", "{9A7AF6FD-6E0B-86F2-BE24-C2CF5242072F}"
EndProject
Project("{FAE04EC0-301F-11D3-BF4B-00C04F79EFBC}") = "IndustrialDAQ.UI", "src\IndustrialDAQ.UI\IndustrialDAQ.UI.csproj", "{FC35AC52-794E-B8A8-4FB5-5F140334BA9F}"
EndProject
Project("{FAE04EC0-301F-11D3-BF4B-00C04F79EFBC}") = "Drivers.Mqtt", "Plugins\Drivers.Mqtt\Drivers.Mqtt.csproj", "{1A119699-D5A2-4CF4-9AAB-48A38C6EAA95}"
EndProject
Project("{2150E333-8FDC-42A3-9474-1A3956D46DE8}") = "tests", "tests", "{0AB3BF05-4346-4AA6-1389-037BE0695223}"
EndProject
Project("{FAE04EC0-301F-11D3-BF4B-00C04F79EFBC}") = "IndustrialDAQ.Tests", "tests\IndustrialDAQ.Tests\IndustrialDAQ.Tests.csproj", "{444B7774-BC6A-4601-996E-106ABED31511}"
EndProject
Global
	GlobalSection(SolutionConfigurationPlatforms) = preSolution
		Debug|Any CPU = Debug|Any CPU
		Debug|x64 = Debug|x64
		Debug|x86 = Debug|x86
		Release|Any CPU = Release|Any CPU
		Release|x64 = Release|x64
		Release|x86 = Release|x86
	EndGlobalSection
	GlobalSection(ProjectConfigurationPlatforms) = postSolution
		{B903A933-F0FE-890F-B4DC-89150C91FCD0}.Debug|Any CPU.ActiveCfg = Debug|Any CPU
		{B903A933-F0FE-890F-B4DC-89150C91FCD0}.Debug|Any CPU.Build.0 = Debug|Any CPU
		{B903A933-F0FE-890F-B4DC-89150C91FCD0}.Debug|x64.ActiveCfg = Debug|Any CPU
		{B903A933-F0FE-890F-B4DC-89150C91FCD0}.Debug|x64.Build.0 = Debug|Any CPU
		{B903A933-F0FE-890F-B4DC-89150C91FCD0}.Debug|x86.ActiveCfg = Debug|Any CPU
		{B903A933-F0FE-890F-B4DC-89150C91FCD0}.Debug|x86.Build.0 = Debug|Any CPU
		{B903A933-F0FE-890F-B4DC-89150C91FCD0}.Release|Any CPU.ActiveCfg = Release|Any CPU
		{B903A933-F0FE-890F-B4DC-89150C91FCD0}.Release|Any CPU.Build.0 = Release|Any CPU
		{B903A933-F0FE-890F-B4DC-89150C91FCD0}.Release|x64.ActiveCfg = Release|Any CPU
		{B903A933-F0FE-890F-B4DC-89150C91FCD0}.Release|x64.Build.0 = Release|Any CPU
		{B903A933-F0FE-890F-B4DC-89150C91FCD0}.Release|x86.ActiveCfg = Release|Any CPU
		{B903A933-F0FE-890F-B4DC-89150C91FCD0}.Release|x86.Build.0 = Release|Any CPU
		{9CC9365E-A612-346F-1D6D-0858C3901FBF}.Debug|Any CPU.ActiveCfg = Debug|Any CPU
		{9CC9365E-A612-346F-1D6D-0858C3901FBF}.Debug|Any CPU.Build.0 = Debug|Any CPU
		{9CC9365E-A612-346F-1D6D-0858C3901FBF}.Debug|x64.ActiveCfg = Debug|Any CPU
		{9CC9365E-A612-346F-1D6D-0858C3901FBF}.Debug|x64.Build.0 = Debug|Any CPU
		{9CC9365E-A612-346F-1D6D-0858C3901FBF}.Debug|x86.ActiveCfg = Debug|Any CPU
		{9CC9365E-A612-346F-1D6D-0858C3901FBF}.Debug|x86.Build.0 = Debug|Any CPU
		{9CC9365E-A612-346F-1D6D-0858C3901FBF}.Release|Any CPU.ActiveCfg = Release|Any CPU
		{9CC9365E-A612-346F-1D6D-0858C3901FBF}.Release|Any CPU.Build.0 = Release|Any CPU
		{9CC9365E-A612-346F-1D6D-0858C3901FBF}.Release|x64.ActiveCfg = Release|Any CPU
		{9CC9365E-A612-346F-1D6D-0858C3901FBF}.Release|x64.Build.0 = Release|Any CPU
		{9CC9365E-A612-346F-1D6D-0858C3901FBF}.Release|x86.ActiveCfg = Release|Any CPU
		{9CC9365E-A612-346F-1D6D-0858C3901FBF}.Release|x86.Build.0 = Release|Any CPU
		{0A83AA06-09DE-38D4-3655-7D4B1254D4DF}.Debug|Any CPU.ActiveCfg = Debug|Any CPU
		{0A83AA06-09DE-38D4-3655-7D4B1254D4DF}.Debug|Any CPU.Build.0 = Debug|Any CPU
		{0A83AA06-09DE-38D4-3655-7D4B1254D4DF}.Debug|x64.ActiveCfg = Debug|Any CPU
		{0A83AA06-09DE-38D4-3655-7D4B1254D4DF}.Debug|x64.Build.0 = Debug|Any CPU
		{0A83AA06-09DE-38D4-3655-7D4B1254D4DF}.Debug|x86.ActiveCfg = Debug|Any CPU
		{0A83AA06-09DE-38D4-3655-7D4B1254D4DF}.Debug|x86.Build.0 = Debug|Any CPU
		{0A83AA06-09DE-38D4-3655-7D4B1254D4DF}.Release|Any CPU.ActiveCfg = Release|Any CPU
		{0A83AA06-09DE-38D4-3655-7D4B1254D4DF}.Release|Any CPU.Build.0 = Release|Any CPU
		{0A83AA06-09DE-38D4-3655-7D4B1254D4DF}.Release|x64.ActiveCfg = Release|Any CPU
		{0A83AA06-09DE-38D4-3655-7D4B1254D4DF}.Release|x64.Build.0 = Release|Any CPU
		{0A83AA06-09DE-38D4-3655-7D4B1254D4DF}.Release|x86.ActiveCfg = Release|Any CPU
		{0A83AA06-09DE-38D4-3655-7D4B1254D4DF}.Release|x86.Build.0 = Release|Any CPU
		{DFFE898D-C6D1-7138-1581-3C65BF976B0B}.Debug|Any CPU.ActiveCfg = Debug|Any CPU
		{DFFE898D-C6D1-7138-1581-3C65BF976B0B}.Debug|Any CPU.Build.0 = Debug|Any CPU
		{DFFE898D-C6D1-7138-1581-3C65BF976B0B}.Debug|x64.ActiveCfg = Debug|Any CPU
		{DFFE898D-C6D1-7138-1581-3C65BF976B0B}.Debug|x64.Build.0 = Debug|Any CPU
		{DFFE898D-C6D1-7138-1581-3C65BF976B0B}.Debug|x86.ActiveCfg = Debug|Any CPU
		{DFFE898D-C6D1-7138-1581-3C65BF976B0B}.Debug|x86.Build.0 = Debug|Any CPU
		{DFFE898D-C6D1-7138-1581-3C65BF976B0B}.Release|Any CPU.ActiveCfg = Release|Any CPU
		{DFFE898D-C6D1-7138-1581-3C65BF976B0B}.Release|Any CPU.Build.0 = Release|Any CPU
		{DFFE898D-C6D1-7138-1581-3C65BF976B0B}.Release|x64.ActiveCfg = Release|Any CPU
		{DFFE898D-C6D1-7138-1581-3C65BF976B0B}.Release|x64.Build.0 = Release|Any CPU
		{DFFE898D-C6D1-7138-1581-3C65BF976B0B}.Release|x86.ActiveCfg = Release|Any CPU
		{DFFE898D-C6D1-7138-1581-3C65BF976B0B}.Release|x86.Build.0 = Release|Any CPU
		{32C4D7F5-2294-910D-2641-0785A1B112D5}.Debug|Any CPU.ActiveCfg = Debug|Any CPU
		{32C4D7F5-2294-910D-2641-0785A1B112D5}.Debug|Any CPU.Build.0 = Debug|Any CPU
		{32C4D7F5-2294-910D-2641-0785A1B112D5}.Debug|x64.ActiveCfg = Debug|Any CPU
		{32C4D7F5-2294-910D-2641-0785A1B112D5}.Debug|x64.Build.0 = Debug|Any CPU
		{32C4D7F5-2294-910D-2641-0785A1B112D5}.Debug|x86.ActiveCfg = Debug|Any CPU
		{32C4D7F5-2294-910D-2641-0785A1B112D5}.Debug|x86.Build.0 = Debug|Any CPU
		{32C4D7F5-2294-910D-2641-0785A1B112D5}.Release|Any CPU.ActiveCfg = Release|Any CPU
		{32C4D7F5-2294-910D-2641-0785A1B112D5}.Release|Any CPU.Build.0 = Release|Any CPU
		{32C4D7F5-2294-910D-2641-0785A1B112D5}.Release|x64.ActiveCfg = Release|Any CPU
		{32C4D7F5-2294-910D-2641-0785A1B112D5}.Release|x64.Build.0 = Release|Any CPU
		{32C4D7F5-2294-910D-2641-0785A1B112D5}.Release|x86.ActiveCfg = Release|Any CPU
		{32C4D7F5-2294-910D-2641-0785A1B112D5}.Release|x86.Build.0 = Release|Any CPU
		{665FEBC3-3B76-BA04-90F3-7BE5A61FA190}.Debug|Any CPU.ActiveCfg = Debug|Any CPU
		{665FEBC3-3B76-BA04-90F3-7BE5A61FA190}.Debug|Any CPU.Build.0 = Debug|Any CPU
		{665FEBC3-3B76-BA04-90F3-7BE5A61FA190}.Debug|x64.ActiveCfg = Debug|Any CPU
		{665FEBC3-3B76-BA04-90F3-7BE5A61FA190}.Debug|x64.Build.0 = Debug|Any CPU
		{665FEBC3-3B76-BA04-90F3-7BE5A61FA190}.Debug|x86.ActiveCfg = Debug|Any CPU
		{665FEBC3-3B76-BA04-90F3-7BE5A61FA190}.Debug|x86.Build.0 = Debug|Any CPU
		{665FEBC3-3B76-BA04-90F3-7BE5A61FA190}.Release|Any CPU.ActiveCfg = Release|Any CPU
		{665FEBC3-3B76-BA04-90F3-7BE5A61FA190}.Release|Any CPU.Build.0 = Release|Any CPU
		{665FEBC3-3B76-BA04-90F3-7BE5A61FA190}.Release|x64.ActiveCfg = Release|Any CPU
		{665FEBC3-3B76-BA04-90F3-7BE5A61FA190}.Release|x64.Build.0 = Release|Any CPU
		{665FEBC3-3B76-BA04-90F3-7BE5A61FA190}.Release|x86.ActiveCfg = Release|Any CPU
		{665FEBC3-3B76-BA04-90F3-7BE5A61FA190}.Release|x86.Build.0 = Release|Any CPU
		{19923CC0-2E32-3787-0CC7-9E9A02978E82}.Debug|Any CPU.ActiveCfg = Debug|Any CPU
		{19923CC0-2E32-3787-0CC7-9E9A02978E82}.Debug|Any CPU.Build.0 = Debug|Any CPU
		{19923CC0-2E32-3787-0CC7-9E9A02978E82}.Debug|x64.ActiveCfg = Debug|Any CPU
		{19923CC0-2E32-3787-0CC7-9E9A02978E82}.Debug|x64.Build.0 = Debug|Any CPU
		{19923CC0-2E32-3787-0CC7-9E9A02978E82}.Debug|x86.ActiveCfg = Debug|Any CPU
		{19923CC0-2E32-3787-0CC7-9E9A02978E82}.Debug|x86.Build.0 = Debug|Any CPU
		{19923CC0-2E32-3787-0CC7-9E9A02978E82}.Release|Any CPU.ActiveCfg = Release|Any CPU
		{19923CC0-2E32-3787-0CC7-9E9A02978E82}.Release|Any CPU.Build.0 = Release|Any CPU
		{19923CC0-2E32-3787-0CC7-9E9A02978E82}.Release|x64.ActiveCfg = Release|Any CPU
		{19923CC0-2E32-3787-0CC7-9E9A02978E82}.Release|x64.Build.0 = Release|Any CPU
		{19923CC0-2E32-3787-0CC7-9E9A02978E82}.Release|x86.ActiveCfg = Release|Any CPU
		{19923CC0-2E32-3787-0CC7-9E9A02978E82}.Release|x86.Build.0 = Release|Any CPU
		{8F781F62-1429-7397-A610-67F66F9A379D}.Debug|Any CPU.ActiveCfg = Debug|Any CPU
		{8F781F62-1429-7397-A610-67F66F9A379D}.Debug|Any CPU.Build.0 = Debug|Any CPU
		{8F781F62-1429-7397-A610-67F66F9A379D}.Debug|x64.ActiveCfg = Debug|Any CPU
		{8F781F62-1429-7397-A610-67F66F9A379D}.Debug|x64.Build.0 = Debug|Any CPU
		{8F781F62-1429-7397-A610-67F66F9A379D}.Debug|x86.ActiveCfg = Debug|Any CPU
		{8F781F62-1429-7397-A610-67F66F9A379D}.Debug|x86.Build.0 = Debug|Any CPU
		{8F781F62-1429-7397-A610-67F66F9A379D}.Release|Any CPU.ActiveCfg = Release|Any CPU
		{8F781F62-1429-7397-A610-67F66F9A379D}.Release|Any CPU.Build.0 = Release|Any CPU
		{8F781F62-1429-7397-A610-67F66F9A379D}.Release|x64.ActiveCfg = Release|Any CPU
		{8F781F62-1429-7397-A610-67F66F9A379D}.Release|x64.Build.0 = Release|Any CPU
		{8F781F62-1429-7397-A610-67F66F9A379D}.Release|x86.ActiveCfg = Release|Any CPU
		{8F781F62-1429-7397-A610-67F66F9A379D}.Release|x86.Build.0 = Release|Any CPU
		{1967A8C9-971B-9B90-21BA-47EC34BF0838}.Debug|Any CPU.ActiveCfg = Debug|Any CPU
		{1967A8C9-971B-9B90-21BA-47EC34BF0838}.Debug|Any CPU.Build.0 = Debug|Any CPU
		{1967A8C9-971B-9B90-21BA-47EC34BF0838}.Debug|x64.ActiveCfg = Debug|Any CPU
		{1967A8C9-971B-9B90-21BA-47EC34BF0838}.Debug|x64.Build.0 = Debug|Any CPU
		{1967A8C9-971B-9B90-21BA-47EC34BF0838}.Debug|x86.ActiveCfg = Debug|Any CPU
		{1967A8C9-971B-9B90-21BA-47EC34BF0838}.Debug|x86.Build.0 = Debug|Any CPU
		{1967A8C9-971B-9B90-21BA-47EC34BF0838}.Release|Any CPU.ActiveCfg = Release|Any CPU
		{1967A8C9-971B-9B90-21BA-47EC34BF0838}.Release|Any CPU.Build.0 = Release|Any CPU
		{1967A8C9-971B-9B90-21BA-47EC34BF0838}.Release|x64.ActiveCfg = Release|Any CPU
		{1967A8C9-971B-9B90-21BA-47EC34BF0838}.Release|x64.Build.0 = Release|Any CPU
		{1967A8C9-971B-9B90-21BA-47EC34BF0838}.Release|x86.ActiveCfg = Release|Any CPU
		{1967A8C9-971B-9B90-21BA-47EC34BF0838}.Release|x86.Build.0 = Release|Any CPU
		{66DAB672-4EAB-781E-A320-1C89AED6662F}.Debug|Any CPU.ActiveCfg = Debug|Any CPU
		{66DAB672-4EAB-781E-A320-1C89AED6662F}.Debug|Any CPU.Build.0 = Debug|Any CPU
		{66DAB672-4EAB-781E-A320-1C89AED6662F}.Debug|x64.ActiveCfg = Debug|Any CPU
		{66DAB672-4EAB-781E-A320-1C89AED6662F}.Debug|x64.Build.0 = Debug|Any CPU
		{66DAB672-4EAB-781E-A320-1C89AED6662F}.Debug|x86.ActiveCfg = Debug|Any CPU
		{66DAB672-4EAB-781E-A320-1C89AED6662F}.Debug|x86.Build.0 = Debug|Any CPU
		{66DAB672-4EAB-781E-A320-1C89AED6662F}.Release|Any CPU.ActiveCfg = Release|Any CPU
		{66DAB672-4EAB-781E-A320-1C89AED6662F}.Release|Any CPU.Build.0 = Release|Any CPU
		{66DAB672-4EAB-781E-A320-1C89AED6662F}.Release|x64.ActiveCfg = Release|Any CPU
		{66DAB672-4EAB-781E-A320-1C89AED6662F}.Release|x64.Build.0 = Release|Any CPU
		{66DAB672-4EAB-781E-A320-1C89AED6662F}.Release|x86.ActiveCfg = Release|Any CPU
		{66DAB672-4EAB-781E-A320-1C89AED6662F}.Release|x86.Build.0 = Release|Any CPU
		{9A7AF6FD-6E0B-86F2-BE24-C2CF5242072F}.Debug|Any CPU.ActiveCfg = Debug|Any CPU
		{9A7AF6FD-6E0B-86F2-BE24-C2CF5242072F}.Debug|Any CPU.Build.0 = Debug|Any CPU
		{9A7AF6FD-6E0B-86F2-BE24-C2CF5242072F}.Debug|x64.ActiveCfg = Debug|Any CPU
		{9A7AF6FD-6E0B-86F2-BE24-C2CF5242072F}.Debug|x64.Build.0 = Debug|Any CPU
		{9A7AF6FD-6E0B-86F2-BE24-C2CF5242072F}.Debug|x86.ActiveCfg = Debug|Any CPU
		{9A7AF6FD-6E0B-86F2-BE24-C2CF5242072F}.Debug|x86.Build.0 = Debug|Any CPU
		{9A7AF6FD-6E0B-86F2-BE24-C2CF5242072F}.Release|Any CPU.ActiveCfg = Release|Any CPU
		{9A7AF6FD-6E0B-86F2-BE24-C2CF5242072F}.Release|Any CPU.Build.0 = Release|Any CPU
		{9A7AF6FD-6E0B-86F2-BE24-C2CF5242072F}.Release|x64.ActiveCfg = Release|Any CPU
		{9A7AF6FD-6E0B-86F2-BE24-C2CF5242072F}.Release|x64.Build.0 = Release|Any CPU
		{9A7AF6FD-6E0B-86F2-BE24-C2CF5242072F}.Release|x86.ActiveCfg = Release|Any CPU
		{9A7AF6FD-6E0B-86F2-BE24-C2CF5242072F}.Release|x86.Build.0 = Release|Any CPU
		{FC35AC52-794E-B8A8-4FB5-5F140334BA9F}.Debug|Any CPU.ActiveCfg = Debug|Any CPU
		{FC35AC52-794E-B8A8-4FB5-5F140334BA9F}.Debug|Any CPU.Build.0 = Debug|Any CPU
		{FC35AC52-794E-B8A8-4FB5-5F140334BA9F}.Debug|x64.ActiveCfg = Debug|Any CPU
		{FC35AC52-794E-B8A8-4FB5-5F140334BA9F}.Debug|x64.Build.0 = Debug|Any CPU
		{FC35AC52-794E-B8A8-4FB5-5F140334BA9F}.Debug|x86.ActiveCfg = Debug|Any CPU
		{FC35AC52-794E-B8A8-4FB5-5F140334BA9F}.Debug|x86.Build.0 = Debug|Any CPU
		{FC35AC52-794E-B8A8-4FB5-5F140334BA9F}.Release|Any CPU.ActiveCfg = Release|Any CPU
		{FC35AC52-794E-B8A8-4FB5-5F140334BA9F}.Release|Any CPU.Build.0 = Release|Any CPU
		{FC35AC52-794E-B8A8-4FB5-5F140334BA9F}.Release|x64.ActiveCfg = Release|Any CPU
		{FC35AC52-794E-B8A8-4FB5-5F140334BA9F}.Release|x64.Build.0 = Release|Any CPU
		{FC35AC52-794E-B8A8-4FB5-5F140334BA9F}.Release|x86.ActiveCfg = Release|Any CPU
		{FC35AC52-794E-B8A8-4FB5-5F140334BA9F}.Release|x86.Build.0 = Release|Any CPU
		{1A119699-D5A2-4CF4-9AAB-48A38C6EAA95}.Debug|Any CPU.ActiveCfg = Debug|Any CPU
		{1A119699-D5A2-4CF4-9AAB-48A38C6EAA95}.Debug|Any CPU.Build.0 = Debug|Any CPU
		{1A119699-D5A2-4CF4-9AAB-48A38C6EAA95}.Debug|x64.ActiveCfg = Debug|Any CPU
		{1A119699-D5A2-4CF4-9AAB-48A38C6EAA95}.Debug|x64.Build.0 = Debug|Any CPU
		{1A119699-D5A2-4CF4-9AAB-48A38C6EAA95}.Debug|x86.ActiveCfg = Debug|Any CPU
		{1A119699-D5A2-4CF4-9AAB-48A38C6EAA95}.Debug|x86.Build.0 = Debug|Any CPU
		{1A119699-D5A2-4CF4-9AAB-48A38C6EAA95}.Release|Any CPU.ActiveCfg = Release|Any CPU
		{1A119699-D5A2-4CF4-9AAB-48A38C6EAA95}.Release|Any CPU.Build.0 = Release|Any CPU
		{1A119699-D5A2-4CF4-9AAB-48A38C6EAA95}.Release|x64.ActiveCfg = Release|Any CPU
		{1A119699-D5A2-4CF4-9AAB-48A38C6EAA95}.Release|x64.Build.0 = Release|Any CPU
		{1A119699-D5A2-4CF4-9AAB-48A38C6EAA95}.Release|x86.ActiveCfg = Release|Any CPU
		{1A119699-D5A2-4CF4-9AAB-48A38C6EAA95}.Release|x86.Build.0 = Release|Any CPU
		{444B7774-BC6A-4601-996E-106ABED31511}.Debug|Any CPU.ActiveCfg = Debug|Any CPU
		{444B7774-BC6A-4601-996E-106ABED31511}.Debug|Any CPU.Build.0 = Debug|Any CPU
		{444B7774-BC6A-4601-996E-106ABED31511}.Debug|x64.ActiveCfg = Debug|Any CPU
		{444B7774-BC6A-4601-996E-106ABED31511}.Debug|x64.Build.0 = Debug|Any CPU
		{444B7774-BC6A-4601-996E-106ABED31511}.Debug|x86.ActiveCfg = Debug|Any CPU
		{444B7774-BC6A-4601-996E-106ABED31511}.Debug|x86.Build.0 = Debug|Any CPU
		{444B7774-BC6A-4601-996E-106ABED31511}.Release|Any CPU.ActiveCfg = Release|Any CPU
		{444B7774-BC6A-4601-996E-106ABED31511}.Release|Any CPU.Build.0 = Release|Any CPU
		{444B7774-BC6A-4601-996E-106ABED31511}.Release|x64.ActiveCfg = Release|Any CPU
		{444B7774-BC6A-4601-996E-106ABED31511}.Release|x64.Build.0 = Release|Any CPU
		{444B7774-BC6A-4601-996E-106ABED31511}.Release|x86.ActiveCfg = Release|Any CPU
		{444B7774-BC6A-4601-996E-106ABED31511}.Release|x86.Build.0 = Release|Any CPU
	EndGlobalSection
	GlobalSection(SolutionProperties) = preSolution
		HideSolutionNode = FALSE
	EndGlobalSection
	GlobalSection(NestedProjects) = preSolution
		{B903A933-F0FE-890F-B4DC-89150C91FCD0} = {07D57EEB-2F50-60C4-C011-FE4FA775C9A8}
		{9CC9365E-A612-346F-1D6D-0858C3901FBF} = {07D57EEB-2F50-60C4-C011-FE4FA775C9A8}
		{0A83AA06-09DE-38D4-3655-7D4B1254D4DF} = {07D57EEB-2F50-60C4-C011-FE4FA775C9A8}
		{DFFE898D-C6D1-7138-1581-3C65BF976B0B} = {3D40F055-384E-DE04-BB81-B7972E166B19}
		{32C4D7F5-2294-910D-2641-0785A1B112D5} = {827E0CD3-B72D-47B6-A68D-7590B98EB39B}
		{665FEBC3-3B76-BA04-90F3-7BE5A61FA190} = {827E0CD3-B72D-47B6-A68D-7590B98EB39B}
		{19923CC0-2E32-3787-0CC7-9E9A02978E82} = {827E0CD3-B72D-47B6-A68D-7590B98EB39B}
		{8F781F62-1429-7397-A610-67F66F9A379D} = {827E0CD3-B72D-47B6-A68D-7590B98EB39B}
		{1967A8C9-971B-9B90-21BA-47EC34BF0838} = {827E0CD3-B72D-47B6-A68D-7590B98EB39B}
		{66DAB672-4EAB-781E-A320-1C89AED6662F} = {827E0CD3-B72D-47B6-A68D-7590B98EB39B}
		{9A7AF6FD-6E0B-86F2-BE24-C2CF5242072F} = {827E0CD3-B72D-47B6-A68D-7590B98EB39B}
		{FC35AC52-794E-B8A8-4FB5-5F140334BA9F} = {827E0CD3-B72D-47B6-A68D-7590B98EB39B}
		{1A119699-D5A2-4CF4-9AAB-48A38C6EAA95} = {07D57EEB-2F50-60C4-C011-FE4FA775C9A8}
		{444B7774-BC6A-4601-996E-106ABED31511} = {0AB3BF05-4346-4AA6-1389-037BE0695223}
	EndGlobalSection
	GlobalSection(ExtensibilityGlobals) = postSolution
		SolutionGuid = {F3D798A3-8732-45BD-9218-5911199E0944}
	EndGlobalSection
EndGlobal
